
Microsoft Visual Studio Solution File, Format Version 12.00
# Visual Studio Version 17
VisualStudioVersion = 17.0.31710.8
MinimumVisualStudioVersion = 10.0.40219.1
Project("{FAE04EC0-301F-11D3-BF4B-00C04F79EFBC}") = "reversi", "reversi\reversi.csproj", "{BB0925C1-FCE9-417E-8DC8-66A8CCE026F7}"
EndProject
Global
	GlobalSection(SolutionConfigurationPlatforms) = preSolution
		Debug|Any CPU = Debug|Any CPU
		Release|Any CPU = Release|Any CPU
	EndGlobalSection
	GlobalSection(ProjectConfigurationPlatforms) = postSolution
		{BB0925C1-FCE9-417E-8DC8-66A8CCE026F7}.Debug|Any CPU.ActiveCfg = Debug|Any CPU
		{BB0925C1-FCE9-417E-8DC8-66A8CCE026F7}.Debug|Any CPU.Build.0 = Debug|Any CPU
		{BB0925C1-FCE9-417E-8DC8-66A8CCE026F7}.Release|Any CPU.ActiveCfg = Release|Any CPU
		{BB0925C1-FCE9-417E-8DC8-66A8CCE026F7}.Release|Any CPU.Build.0 = Release|Any CPU
	EndGlobalSection
	GlobalSection(SolutionProperties) = preSolution
		HideSolutionNode = FALSE
	EndGlobalSection
	GlobalSection(ExtensibilityGlobals) = postSolution
		SolutionGuid = {7536687F-56EA-4635-A942-781EB41B55C3}
	EndGlobalSection
EndGlobal
